
Microsoft Visual Studio Solution File, Format Version 12.00
# Visual Studio Version 16
VisualStudioVersion = 16.0.29318.209
MinimumVisualStudioVersion = 10.0.40219.1
Project("{9A19103F-16F7-4668-BE54-9A1E7A4F7556}") = "ConsoleAppNetCore3", "ConsoleAppNetCore3\ConsoleAppNetCore3.csproj", "{B1E0B7C2-62FA-4B22-AB16-59978668337B}"
EndProject
Project("{9A19103F-16F7-4668-BE54-9A1E7A4F7556}") = "AspNetCore3", "AspNetCore3\AspNetCore3.csproj", "{70AC9C9E-910A-4E43-A015-F840A112960B}"
EndProject
Global
	GlobalSection(SolutionConfigurationPlatforms) = preSolution
		Debug|Any CPU = Debug|Any CPU
		Release|Any CPU = Release|Any CPU
	EndGlobalSection
	GlobalSection(ProjectConfigurationPlatforms) = postSolution
		{B1E0B7C2-62FA-4B22-AB16-59978668337B}.Debug|Any CPU.ActiveCfg = Debug|Any CPU
		{B1E0B7C2-62FA-4B22-AB16-59978668337B}.Debug|Any CPU.Build.0 = Debug|Any CPU
		{B1E0B7C2-62FA-4B22-AB16-59978668337B}.Release|Any CPU.ActiveCfg = Release|Any CPU
		{B1E0B7C2-62FA-4B22-AB16-59978668337B}.Release|Any CPU.Build.0 = Release|Any CPU
		{70AC9C9E-910A-4E43-A015-F840A112960B}.Debug|Any CPU.ActiveCfg = Debug|Any CPU
		{70AC9C9E-910A-4E43-A015-F840A112960B}.Debug|Any CPU.Build.0 = Debug|Any CPU
		{70AC9C9E-910A-4E43-A015-F840A112960B}.Release|Any CPU.ActiveCfg = Release|Any CPU
		{70AC9C9E-910A-4E43-A015-F840A112960B}.Release|Any CPU.Build.0 = Release|Any CPU
	EndGlobalSection
	GlobalSection(SolutionProperties) = preSolution
		HideSolutionNode = FALSE
	EndGlobalSection
	GlobalSection(ExtensibilityGlobals) = postSolution
		SolutionGuid = {9D45447C-3F40-4AEC-8EAF-08BAC72CD0F8}
	EndGlobalSection
EndGlobal
